# This file is automatically @generated by Cargo.
# It is not intended for manual editing.
version = 3

[[package]]
name = "bitflags"
version = "2.5.0"
source = "registry+https://github.com/rust-lang/crates.io-index"
checksum = "cf4b9d6a944f767f8e5e0db018570623c85f3d925ac718db4e06d0187adb21c1"

[[package]]
name = "bytemuck"
version = "1.16.0"
source = "registry+https://github.com/rust-lang/crates.io-index"
checksum = "78834c15cb5d5efe3452d58b1e8ba890dd62d21907f867f383358198e56ebca5"
dependencies = [
 "bytemuck_derive",
]

[[package]]
name = "bytemuck_derive"
version = "1.6.0"
source = "registry+https://github.com/rust-lang/crates.io-index"
checksum = "4da9a32f3fed317401fa3c862968128267c3106685286e15d5aaa3d7389c2f60"
dependencies = [
 "proc-macro2",
 "quote",
 "syn",
]

[[package]]
name = "cc"
version = "1.0.98"
source = "registry+https://github.com/rust-lang/crates.io-index"
checksum = "41c270e7540d725e65ac7f1b212ac8ce349719624d7bcff99f8e2e488e8cf03f"

[[package]]
name = "font-types"
version = "0.5.3"
source = "registry+https://github.com/rust-lang/crates.io-index"
checksum = "bdf6aa1de86490d8e39e04589bd04eb5953cc2a5ef0c25e389e807f44fd24e41"
dependencies = [
 "bytemuck",
]

[[package]]
name = "freetype-rs"
version = "0.36.0"
source = "git+https://github.com/LaurenzV/freetype-rs#d27ea29fc1aa0bd73b2df120e83948036723170a"
dependencies = [
 "bitflags",
 "freetype-sys",
 "libc",
]

[[package]]
name = "freetype-sys"
version = "0.20.1"
source = "registry+https://github.com/rust-lang/crates.io-index"
checksum = "0e7edc5b9669349acfda99533e9e0bcf26a51862ab43b08ee7745c55d28eb134"
dependencies = [
 "cc",
 "libc",
 "pkg-config",
]

[[package]]
name = "libc"
version = "0.2.155"
source = "registry+https://github.com/rust-lang/crates.io-index"
checksum = "97b3888a4aecf77e811145cadf6eef5901f4782c53886191b2f693f24761847c"

[[package]]
name = "pkg-config"
version = "0.3.30"
source = "registry+https://github.com/rust-lang/crates.io-index"
checksum = "d231b230927b5e4ad203db57bbcbee2802f6bce620b1e4a9024a07d94e2907ec"

[[package]]
name = "proc-macro2"
version = "1.0.83"
source = "registry+https://github.com/rust-lang/crates.io-index"
checksum = "0b33eb56c327dec362a9e55b3ad14f9d2f0904fb5a5b03b513ab5465399e9f43"
dependencies = [
 "unicode-ident",
]

[[package]]
name = "quote"
version = "1.0.36"
source = "registry+https://github.com/rust-lang/crates.io-index"
checksum = "0fa76aaf39101c457836aec0ce2316dbdc3ab723cdda1c6bd4e6ad4208acaca7"
dependencies = [
 "proc-macro2",
]

[[package]]
name = "read-fonts"
version = "0.19.1"
source = "registry+https://github.com/rust-lang/crates.io-index"
checksum = "af4749db2bd1c853db31a7ae5ee2fc6c30bbddce353ea8fedf673fed187c68c7"
dependencies = [
 "bytemuck",
 "font-types",
]

[[package]]
name = "skrifa"
version = "0.19.1"
source = "registry+https://github.com/rust-lang/crates.io-index"
checksum = "8dbed6a0c9addb84c2c8f66f35f504bb875b901e2a022419173e6ee2adfd0fb4"
dependencies = [
 "bytemuck",
 "read-fonts",
]

[[package]]
name = "subsetter"
version = "0.1.1"
dependencies = [
 "freetype-rs",
 "skrifa",
 "ttf-parser",
]

[[package]]
name = "syn"
version = "2.0.65"
source = "registry+https://github.com/rust-lang/crates.io-index"
checksum = "d2863d96a84c6439701d7a38f9de935ec562c8832cc55d1dde0f513b52fad106"
dependencies = [
 "proc-macro2",
 "quote",
 "unicode-ident",
]

[[package]]
name = "ttf-parser"
version = "0.21.1"
source = "git+https://github.com/LaurenzV/ttf-parser?branch=master#1233e8954dbf0fe36f021b65519bf75ac23d0467"

[[package]]
name = "unicode-ident"
version = "1.0.12"
source = "registry+https://github.com/rust-lang/crates.io-index"
checksum = "3354b9ac3fae1ff6755cb6db53683adb661634f67557942dea4facebec0fee4b"
